schema: '2.0'
stages:
  data_ingestion:
    cmd: python src/data/data_ingestion.py
    deps:
    - path: src/data/data_ingestion.py
      hash: md5
      md5: a7d02af0a468c1624d3b2047ad13927f
      size: 3541
    params:
      params.yaml:
        data_ingestion.test_size: 0.2
    outs:
    - path: data/raw
      hash: md5
      md5: fb326d2eec197669f9638afde28356bf.dir
      size: 827973
      nfiles: 2
  data_preprocessing:
    cmd: python src/data/data_preprocessing.py
    deps:
    - path: data/raw
      hash: md5
      md5: fb326d2eec197669f9638afde28356bf.dir
      size: 827973
      nfiles: 2
    - path: src/data/data_preprocessing.py
      hash: md5
      md5: 583dbbddba2f768502d45a3535575a4e
      size: 3999
    outs:
    - path: data/interim
      hash: md5
      md5: 985f7ec6f120c9a2bf5f6c7d8b547d7d.dir
      size: 566063
      nfiles: 2
  feature_engineering:
    cmd: python src/features/feature_engineering.py
    deps:
    - path: data/interim
      hash: md5
      md5: 985f7ec6f120c9a2bf5f6c7d8b547d7d.dir
      size: 566063
      nfiles: 2
    - path: src/features/feature_engineering.py
      hash: md5
      md5: 0347fb06a19c6c8e79a4e6bcd61be529
      size: 3775
    params:
      params.yaml:
        feature_engineering.max_features: 200
    outs:
    - path: data/processed
      hash: md5
      md5: 924428b2ca79b30a4fda7cab3a62061a.dir
      size: 4182116
      nfiles: 2
  model_building:
    cmd: python src/model/model_building.py
    deps:
    - path: data/processed
      hash: md5
      md5: 924428b2ca79b30a4fda7cab3a62061a.dir
      size: 4182116
      nfiles: 2
    - path: src/model/model_building.py
      hash: md5
      md5: 1aaa63a59139609bd60d6b4b8bd49ec0
      size: 3069
    params:
      params.yaml:
        model_building.learning_rate: 0.1
        model_building.n_estimators: 50
    outs:
    - path: models/model.pkl
      hash: md5
      md5: ac1a8b131ec162c90eed13844128b191
      size: 68231
  model_evaluation:
    cmd: python src/model/model_evaluation.py
    deps:
    - path: models/model.pkl
      hash: md5
      md5: ac1a8b131ec162c90eed13844128b191
      size: 68231
    - path: src/model/model_evaluation.py
      hash: md5
      md5: bdb9ffa5b956d5b192882abe7c44ed06
      size: 3319
    outs:
    - path: reports/metrics.json
      hash: md5
      md5: 0f9b134e0f83a5d8a7177759381abdf3
      size: 113
