schema: '2.0'
stages:
  data_ingestion:
    cmd: python src/data/data_ingestion.py
    deps:
    - path: src/data/data_ingestion.py
      hash: md5
      md5: a7d02af0a468c1624d3b2047ad13927f
      size: 3541
    params:
      params.yaml:
        data_ingestion.test_size: 0.2
    outs:
    - path: data/raw
      hash: md5
      md5: fb326d2eec197669f9638afde28356bf.dir
      size: 827973
      nfiles: 2
  data_preprocessing:
    cmd: python src/data/data_preprocessing.py
    deps:
    - path: data/raw
      hash: md5
      md5: fb326d2eec197669f9638afde28356bf.dir
      size: 827973
      nfiles: 2
    - path: src/data/data_preprocessing.py
      hash: md5
      md5: 583dbbddba2f768502d45a3535575a4e
      size: 3999
    outs:
    - path: data/interim
      hash: md5
      md5: 985f7ec6f120c9a2bf5f6c7d8b547d7d.dir
      size: 566063
      nfiles: 2
  feature_engineering:
    cmd: python src/features/feature_engineering.py
    deps:
    - path: data/interim
      hash: md5
      md5: 985f7ec6f120c9a2bf5f6c7d8b547d7d.dir
      size: 566063
      nfiles: 2
    - path: src/features/feature_engineering.py
      hash: md5
      md5: a1bf0b1bafee6a98b81944ef73670456
      size: 3783
    params:
      params.yaml:
        feature_engineering.max_features: 100
    outs:
    - path: data/processed
      hash: md5
      md5: 332c4500f28305989c62f8b7109ac84c.dir
      size: 4534910
      nfiles: 2
  model_building:
    cmd: python src/model/model_building.py
    deps:
    - path: data/processed
      hash: md5
      md5: 332c4500f28305989c62f8b7109ac84c.dir
      size: 4534910
      nfiles: 2
    - path: src/model/model_building.py
      hash: md5
      md5: 78e2dec7343088bbb5a9385be9ad9ec2
      size: 3071
    params:
      params.yaml:
        model_building.learning_rate: 0.1
        model_building.n_estimators: 50
    outs:
    - path: models/model.pkl
      hash: md5
      md5: 1da33db5c354e29a19f64400c938e448
      size: 68663
  model_evaluation:
    cmd: python src/model/model_evaluation.py
    deps:
    - path: models/model.pkl
      hash: md5
      md5: 1da33db5c354e29a19f64400c938e448
      size: 68663
    - path: src/model/model_evaluation.py
      hash: md5
      md5: 366f98f1e0dee178e2a80f2f1f26fb24
      size: 3321
    outs:
    - path: reports/metrics.json
      hash: md5
      md5: d8dd6e278c96ad194d5571734cdf5461
      size: 112
